
Microsoft Visual Studio Solution File, Format Version 12.00
# Visual Studio Version 17
VisualStudioVersion = 17.8.34511.84
MinimumVisualStudioVersion = 10.0.40219.1
Project("{FAE04EC0-301F-11D3-BF4B-00C04F79EFBC}") = "ConsoleApp12", "ConsoleApp12.csproj", "{B17C56A7-4B6E-4FA8-87E7-62A2AE3DCBEF}"
EndProject
Global
	GlobalSection(SolutionConfigurationPlatforms) = preSolution
		Debug|Any CPU = Debug|Any CPU
		Release|Any CPU = Release|Any CPU
	EndGlobalSection
	GlobalSection(ProjectConfigurationPlatforms) = postSolution
		{B17C56A7-4B6E-4FA8-87E7-62A2AE3DCBEF}.Debug|Any CPU.ActiveCfg = Debug|Any CPU
		{B17C56A7-4B6E-4FA8-87E7-62A2AE3DCBEF}.Debug|Any CPU.Build.0 = Debug|Any CPU
		{B17C56A7-4B6E-4FA8-87E7-62A2AE3DCBEF}.Release|Any CPU.ActiveCfg = Release|Any CPU
		{B17C56A7-4B6E-4FA8-87E7-62A2AE3DCBEF}.Release|Any CPU.Build.0 = Release|Any CPU
	EndGlobalSection
	GlobalSection(SolutionProperties) = preSolution
		HideSolutionNode = FALSE
	EndGlobalSection
	GlobalSection(ExtensibilityGlobals) = postSolution
		SolutionGuid = {4CBDB95E-F254-40F9-B956-AB9282D6365D}
	EndGlobalSection
EndGlobal
